
Microsoft Visual Studio Solution File, Format Version 12.00
# Visual Studio Version 17
VisualStudioVersion = 17.4.33213.308
MinimumVisualStudioVersion = 10.0.40219.1
Project("{FAE04EC0-301F-11D3-BF4B-00C04F79EFBC}") = "ToDo.Contract", "ToDo.Contract\ToDo.Contract.csproj", "{C3E41C9E-C9C1-4DEA-801C-2BF687EF4005}"
EndProject
Global
	GlobalSection(SolutionConfigurationPlatforms) = preSolution
		Debug|Any CPU = Debug|Any CPU
		Release|Any CPU = Release|Any CPU
	EndGlobalSection
	GlobalSection(ProjectConfigurationPlatforms) = postSolution
		{C3E41C9E-C9C1-4DEA-801C-2BF687EF4005}.Debug|Any CPU.ActiveCfg = Debug|Any CPU
		{C3E41C9E-C9C1-4DEA-801C-2BF687EF4005}.Debug|Any CPU.Build.0 = Debug|Any CPU
		{C3E41C9E-C9C1-4DEA-801C-2BF687EF4005}.Release|Any CPU.ActiveCfg = Release|Any CPU
		{C3E41C9E-C9C1-4DEA-801C-2BF687EF4005}.Release|Any CPU.Build.0 = Release|Any CPU
	EndGlobalSection
	GlobalSection(SolutionProperties) = preSolution
		HideSolutionNode = FALSE
	EndGlobalSection
	GlobalSection(ExtensibilityGlobals) = postSolution
		SolutionGuid = {A7C50C9A-901E-4EC6-BED8-E5C92ED81981}
	EndGlobalSection
EndGlobal
